// !$*UTF8*$!
{
	archiveVersion = 1;
	classes = {
	};
	objectVersion = 56;
	objects = {

/* Begin PBXBuildFile section */
		9B24EE0529AD9E0400436E79 /* main.swift in Sources */ = {isa = PBXBuildFile; fileRef = 9B24EE0429AD9E0400436E79 /* main.swift */; };
		9BB24E9329C9901F0048F7AC /* programScreens.swift in Sources */ = {isa = PBXBuildFile; fileRef = 9BB24E9229C9901F0048F7AC /* programScreens.swift */; };
		9BB24E9529C993980048F7AC /* skills.swift in Sources */ = {isa = PBXBuildFile; fileRef = 9BB24E9429C993980048F7AC /* skills.swift */; };
		9BB24E9729CD657F0048F7AC /* enemy.swift in Sources */ = {isa = PBXBuildFile; fileRef = 9BB24E9629CD657F0048F7AC /* enemy.swift */; };
		9BB24EA529CD6D690048F7AC /* golem.swift in Sources */ = {isa = PBXBuildFile; fileRef = 9BB24EA429CD6D690048F7AC /* golem.swift */; };
		9BB24EA729CD6D720048F7AC /* troll.swift in Sources */ = {isa = PBXBuildFile; fileRef = 9BB24EA629CD6D720048F7AC /* troll.swift */; };
		9BEF040929D6748F0010AD46 /* user.swift in Sources */ = {isa = PBXBuildFile; fileRef = 9BEF040829D6748F0010AD46 /* user.swift */; };
		9BEF040E29D684430010AD46 /* physicalAttackTroll.swift in Sources */ = {isa = PBXBuildFile; fileRef = 9BEF040D29D684430010AD46 /* physicalAttackTroll.swift */; };
		9BEF041029D6844F0010AD46 /* meteorAttackTroll.swift in Sources */ = {isa = PBXBuildFile; fileRef = 9BEF040F29D6844F0010AD46 /* meteorAttackTroll.swift */; };
		9BEF041229D6845E0010AD46 /* vitalAttackTroll.swift in Sources */ = {isa = PBXBuildFile; fileRef = 9BEF041129D6845E0010AD46 /* vitalAttackTroll.swift */; };
		9BEF041429D684AA0010AD46 /* physicalAttack.swift in Sources */ = {isa = PBXBuildFile; fileRef = 9BEF041329D684AA0010AD46 /* physicalAttack.swift */; };
		9BEF041629D684B70010AD46 /* meteorAttack.swift in Sources */ = {isa = PBXBuildFile; fileRef = 9BEF041529D684B70010AD46 /* meteorAttack.swift */; };
		9BEF041829D684C80010AD46 /* vitalAttack.swift in Sources */ = {isa = PBXBuildFile; fileRef = 9BEF041729D684C80010AD46 /* vitalAttack.swift */; };
/* End PBXBuildFile section */

/* Begin PBXCopyFilesBuildPhase section */
		9B24EDFF29AD9E0400436E79 /* CopyFiles */ = {
			isa = PBXCopyFilesBuildPhase;
			buildActionMask = 2147483647;
			dstPath = /usr/share/man/man1/;
			dstSubfolderSpec = 0;
			files = (
			);
			runOnlyForDeploymentPostprocessing = 1;
		};
/* End PBXCopyFilesBuildPhase section */

/* Begin PBXFileReference section */
		9B24EE0129AD9E0400436E79 /* 0706012110006-TegarMarino-AFL1 */ = {isa = PBXFileReference; explicitFileType = "compiled.mach-o.executable"; includeInIndex = 0; path = "0706012110006-TegarMarino-AFL1"; sourceTree = BUILT_PRODUCTS_DIR; };
		9B24EE0429AD9E0400436E79 /* main.swift */ = {isa = PBXFileReference; lastKnownFileType = sourcecode.swift; path = main.swift; sourceTree = "<group>"; };
		9BB24E9229C9901F0048F7AC /* programScreens.swift */ = {isa = PBXFileReference; lastKnownFileType = sourcecode.swift; path = programScreens.swift; sourceTree = "<group>"; };
		9BB24E9429C993980048F7AC /* skills.swift */ = {isa = PBXFileReference; lastKnownFileType = sourcecode.swift; path = skills.swift; sourceTree = "<group>"; };
		9BB24E9629CD657F0048F7AC /* enemy.swift */ = {isa = PBXFileReference; lastKnownFileType = sourcecode.swift; path = enemy.swift; sourceTree = "<group>"; };
		9BB24EA429CD6D690048F7AC /* golem.swift */ = {isa = PBXFileReference; lastKnownFileType = sourcecode.swift; path = golem.swift; sourceTree = "<group>"; };
		9BB24EA629CD6D720048F7AC /* troll.swift */ = {isa = PBXFileReference; lastKnownFileType = sourcecode.swift; path = troll.swift; sourceTree = "<group>"; };
		9BEF040829D6748F0010AD46 /* user.swift */ = {isa = PBXFileReference; lastKnownFileType = sourcecode.swift; path = user.swift; sourceTree = "<group>"; };
		9BEF040D29D684430010AD46 /* physicalAttackTroll.swift */ = {isa = PBXFileReference; lastKnownFileType = sourcecode.swift; path = physicalAttackTroll.swift; sourceTree = "<group>"; };
		9BEF040F29D6844F0010AD46 /* meteorAttackTroll.swift */ = {isa = PBXFileReference; lastKnownFileType = sourcecode.swift; path = meteorAttackTroll.swift; sourceTree = "<group>"; };
		9BEF041129D6845E0010AD46 /* vitalAttackTroll.swift */ = {isa = PBXFileReference; lastKnownFileType = sourcecode.swift; path = vitalAttackTroll.swift; sourceTree = "<group>"; };
		9BEF041329D684AA0010AD46 /* physicalAttack.swift */ = {isa = PBXFileReference; lastKnownFileType = sourcecode.swift; path = physicalAttack.swift; sourceTree = "<group>"; };
		9BEF041529D684B70010AD46 /* meteorAttack.swift */ = {isa = PBXFileReference; lastKnownFileType = sourcecode.swift; path = meteorAttack.swift; sourceTree = "<group>"; };
		9BEF041729D684C80010AD46 /* vitalAttack.swift */ = {isa = PBXFileReference; lastKnownFileType = sourcecode.swift; path = vitalAttack.swift; sourceTree = "<group>"; };
/* End PBXFileReference section */

/* Begin PBXFrameworksBuildPhase section */
		9B24EDFE29AD9E0400436E79 /* Frameworks */ = {
			isa = PBXFrameworksBuildPhase;
			buildActionMask = 2147483647;
			files = (
			);
			runOnlyForDeploymentPostprocessing = 0;
		};
/* End PBXFrameworksBuildPhase section */

/* Begin PBXGroup section */
		9B24EDF829AD9E0400436E79 = {
			isa = PBXGroup;
			children = (
				9B24EE0329AD9E0400436E79 /* 0706012110006-TegarMarino-AFL1 */,
				9B24EE0229AD9E0400436E79 /* Products */,
			);
			sourceTree = "<group>";
		};
		9B24EE0229AD9E0400436E79 /* Products */ = {
			isa = PBXGroup;
			children = (
				9B24EE0129AD9E0400436E79 /* 0706012110006-TegarMarino-AFL1 */,
			);
			name = Products;
			sourceTree = "<group>";
		};
		9B24EE0329AD9E0400436E79 /* 0706012110006-TegarMarino-AFL1 */ = {
			isa = PBXGroup;
			children = (
				9BB24EA329CD6D4A0048F7AC /* enemy */,
				9B24EE0429AD9E0400436E79 /* main.swift */,
				9BB24E9A29CD6AC30048F7AC /* Skills */,
				9BB24E9229C9901F0048F7AC /* programScreens.swift */,
				9BEF040829D6748F0010AD46 /* user.swift */,
			);
			path = "0706012110006-TegarMarino-AFL1";
			sourceTree = "<group>";
		};
		9BB24E9A29CD6AC30048F7AC /* Skills */ = {
			isa = PBXGroup;
			children = (
				9BEF040C29D684210010AD46 /* Golem */,
				9BEF040B29D6841A0010AD46 /* Troll */,
				9BB24E9429C993980048F7AC /* skills.swift */,
			);
			path = Skills;
			sourceTree = "<group>";
		};
		9BB24EA329CD6D4A0048F7AC /* enemy */ = {
			isa = PBXGroup;
			children = (
				9BB24E9629CD657F0048F7AC /* enemy.swift */,
				9BB24EA429CD6D690048F7AC /* golem.swift */,
				9BB24EA629CD6D720048F7AC /* troll.swift */,
			);
			path = enemy;
			sourceTree = "<group>";
		};
		9BEF040B29D6841A0010AD46 /* Troll */ = {
			isa = PBXGroup;
			children = (
				9BEF040D29D684430010AD46 /* physicalAttackTroll.swift */,
				9BEF040F29D6844F0010AD46 /* meteorAttackTroll.swift */,
				9BEF041129D6845E0010AD46 /* vitalAttackTroll.swift */,
			);
			path = Troll;
			sourceTree = "<group>";
		};
		9BEF040C29D684210010AD46 /* Golem */ = {
			isa = PBXGroup;
			children = (
				9BEF041329D684AA0010AD46 /* physicalAttack.swift */,
				9BEF041529D684B70010AD46 /* meteorAttack.swift */,
				9BEF041729D684C80010AD46 /* vitalAttack.swift */,
			);
			path = Golem;
			sourceTree = "<group>";
		};
/* End PBXGroup section */

/* Begin PBXNativeTarget section */
		9B24EE0029AD9E0400436E79 /* 0706012110006-TegarMarino-AFL1 */ = {
			isa = PBXNativeTarget;
			buildConfigurationList = 9B24EE0829AD9E0400436E79 /* Build configuration list for PBXNativeTarget "0706012110006-TegarMarino-AFL1" */;
			buildPhases = (
				9B24EDFD29AD9E0400436E79 /* Sources */,
				9B24EDFE29AD9E0400436E79 /* Frameworks */,
				9B24EDFF29AD9E0400436E79 /* CopyFiles */,
			);
			buildRules = (
			);
			dependencies = (
			);
			name = "0706012110006-TegarMarino-AFL1";
			productName = "0706012110006-TegarMarino-AFL1";
			productReference = 9B24EE0129AD9E0400436E79 /* 0706012110006-TegarMarino-AFL1 */;
			productType = "com.apple.product-type.tool";
		};
/* End PBXNativeTarget section */

/* Begin PBXProject section */
		9B24EDF929AD9E0400436E79 /* Project object */ = {
			isa = PBXProject;
			attributes = {
				BuildIndependentTargetsInParallel = 1;
				LastSwiftUpdateCheck = 1420;
				LastUpgradeCheck = 1420;
				TargetAttributes = {
					9B24EE0029AD9E0400436E79 = {
						CreatedOnToolsVersion = 14.2;
					};
				};
			};
			buildConfigurationList = 9B24EDFC29AD9E0400436E79 /* Build configuration list for PBXProject "0706012110006-TegarMarino-AFL1" */;
			compatibilityVersion = "Xcode 14.0";
			developmentRegion = en;
			hasScannedForEncodings = 0;
			knownRegions = (
				en,
				Base,
			);
			mainGroup = 9B24EDF829AD9E0400436E79;
			productRefGroup = 9B24EE0229AD9E0400436E79 /* Products */;
			projectDirPath = "";
			projectRoot = "";
			targets = (
				9B24EE0029AD9E0400436E79 /* 0706012110006-TegarMarino-AFL1 */,
			);
		};
/* End PBXProject section */

/* Begin PBXSourcesBuildPhase section */
		9B24EDFD29AD9E0400436E79 /* Sources */ = {
			isa = PBXSourcesBuildPhase;
			buildActionMask = 2147483647;
			files = (
				9BEF040929D6748F0010AD46 /* user.swift in Sources */,
				9BB24EA529CD6D690048F7AC /* golem.swift in Sources */,
				9BEF041829D684C80010AD46 /* vitalAttack.swift in Sources */,
				9BB24E9729CD657F0048F7AC /* enemy.swift in Sources */,
				9BB24E9329C9901F0048F7AC /* programScreens.swift in Sources */,
				9B24EE0529AD9E0400436E79 /* main.swift in Sources */,
				9BB24EA729CD6D720048F7AC /* troll.swift in Sources */,
				9BB24E9529C993980048F7AC /* skills.swift in Sources */,
				9BEF041629D684B70010AD46 /* meteorAttack.swift in Sources */,
				9BEF041029D6844F0010AD46 /* meteorAttackTroll.swift in Sources */,
				9BEF040E29D684430010AD46 /* physicalAttackTroll.swift in Sources */,
				9BEF041429D684AA0010AD46 /* physicalAttack.swift in Sources */,
				9BEF041229D6845E0010AD46 /* vitalAttackTroll.swift in Sources */,
			);
			runOnlyForDeploymentPostprocessing = 0;
		};
/* End PBXSourcesBuildPhase section */

/* Begin XCBuildConfiguration section */
		9B24EE0629AD9E0400436E79 /* Debug */ = {
			isa = XCBuildConfiguration;
			buildSettings = {
				ALWAYS_SEARCH_USER_PATHS = NO;
				CLANG_ANALYZER_NONNULL = YES;
				CLANG_ANALYZER_NUMBER_OBJECT_CONVERSION = YES_AGGRESSIVE;
				CLANG_CXX_LANGUAGE_STANDARD = "gnu++20";
				CLANG_ENABLE_MODULES = YES;
				CLANG_ENABLE_OBJC_ARC = YES;
				CLANG_ENABLE_OBJC_WEAK = YES;
				CLANG_WARN_BLOCK_CAPTURE_AUTORELEASING = YES;
				CLANG_WARN_BOOL_CONVERSION = YES;
				CLANG_WARN_COMMA = YES;
				CLANG_WARN_CONSTANT_CONVERSION = YES;
				CLANG_WARN_DEPRECATED_OBJC_IMPLEMENTATIONS = YES;
				CLANG_WARN_DIRECT_OBJC_ISA_USAGE = YES_ERROR;
				CLANG_WARN_DOCUMENTATION_COMMENTS = YES;
				CLANG_WARN_EMPTY_BODY = YES;
				CLANG_WARN_ENUM_CONVERSION = YES;
				CLANG_WARN_INFINITE_RECURSION = YES;
				CLANG_WARN_INT_CONVERSION = YES;
				CLANG_WARN_NON_LITERAL_NULL_CONVERSION = YES;
				CLANG_WARN_OBJC_IMPLICIT_RETAIN_SELF = YES;
				CLANG_WARN_OBJC_LITERAL_CONVERSION = YES;
				CLANG_WARN_OBJC_ROOT_CLASS = YES_ERROR;
				CLANG_WARN_QUOTED_INCLUDE_IN_FRAMEWORK_HEADER = YES;
				CLANG_WARN_RANGE_LOOP_ANALYSIS = YES;
				CLANG_WARN_STRICT_PROTOTYPES = YES;
				CLANG_WARN_SUSPICIOUS_MOVE = YES;
				CLANG_WARN_UNGUARDED_AVAILABILITY = YES_AGGRESSIVE;
				CLANG_WARN_UNREACHABLE_CODE = YES;
				CLANG_WARN__DUPLICATE_METHOD_MATCH = YES;
				COPY_PHASE_STRIP = NO;
				DEBUG_INFORMATION_FORMAT = dwarf;
				ENABLE_STRICT_OBJC_MSGSEND = YES;
				ENABLE_TESTABILITY = YES;
				GCC_C_LANGUAGE_STANDARD = gnu11;
				GCC_DYNAMIC_NO_PIC = NO;
				GCC_NO_COMMON_BLOCKS = YES;
				GCC_OPTIMIZATION_LEVEL = 0;
				GCC_PREPROCESSOR_DEFINITIONS = (
					"DEBUG=1",
					"$(inherited)",
				);
				GCC_WARN_64_TO_32_BIT_CONVERSION = YES;
				GCC_WARN_ABOUT_RETURN_TYPE = YES_ERROR;
				GCC_WARN_UNDECLARED_SELECTOR = YES;
				GCC_WARN_UNINITIALIZED_AUTOS = YES_AGGRESSIVE;
				GCC_WARN_UNUSED_FUNCTION = YES;
				GCC_WARN_UNUSED_VARIABLE = YES;
				MACOSX_DEPLOYMENT_TARGET = 13.1;
				MTL_ENABLE_DEBUG_INFO = INCLUDE_SOURCE;
				MTL_FAST_MATH = YES;
				ONLY_ACTIVE_ARCH = YES;
				SDKROOT = macosx;
				SWIFT_ACTIVE_COMPILATION_CONDITIONS = DEBUG;
				SWIFT_OPTIMIZATION_LEVEL = "-Onone";
			};
			name = Debug;
		};
		9B24EE0729AD9E0400436E79 /* Release */ = {
			isa = XCBuildConfiguration;
			buildSettings = {
				ALWAYS_SEARCH_USER_PATHS = NO;
				CLANG_ANALYZER_NONNULL = YES;
				CLANG_ANALYZER_NUMBER_OBJECT_CONVERSION = YES_AGGRESSIVE;
				CLANG_CXX_LANGUAGE_STANDARD = "gnu++20";
				CLANG_ENABLE_MODULES = YES;
				CLANG_ENABLE_OBJC_ARC = YES;
				CLANG_ENABLE_OBJC_WEAK = YES;
				CLANG_WARN_BLOCK_CAPTURE_AUTORELEASING = YES;
				CLANG_WARN_BOOL_CONVERSION = YES;
				CLANG_WARN_COMMA = YES;
				CLANG_WARN_CONSTANT_CONVERSION = YES;
				CLANG_WARN_DEPRECATED_OBJC_IMPLEMENTATIONS = YES;
				CLANG_WARN_DIRECT_OBJC_ISA_USAGE = YES_ERROR;
				CLANG_WARN_DOCUMENTATION_COMMENTS = YES;
				CLANG_WARN_EMPTY_BODY = YES;
				CLANG_WARN_ENUM_CONVERSION = YES;
				CLANG_WARN_INFINITE_RECURSION = YES;
				CLANG_WARN_INT_CONVERSION = YES;
				CLANG_WARN_NON_LITERAL_NULL_CONVERSION = YES;
				CLANG_WARN_OBJC_IMPLICIT_RETAIN_SELF = YES;
				CLANG_WARN_OBJC_LITERAL_CONVERSION = YES;
				CLANG_WARN_OBJC_ROOT_CLASS = YES_ERROR;
				CLANG_WARN_QUOTED_INCLUDE_IN_FRAMEWORK_HEADER = YES;
				CLANG_WARN_RANGE_LOOP_ANALYSIS = YES;
				CLANG_WARN_STRICT_PROTOTYPES = YES;
				CLANG_WARN_SUSPICIOUS_MOVE = YES;
				CLANG_WARN_UNGUARDED_AVAILABILITY = YES_AGGRESSIVE;
				CLANG_WARN_UNREACHABLE_CODE = YES;
				CLANG_WARN__DUPLICATE_METHOD_MATCH = YES;
				COPY_PHASE_STRIP = NO;
				DEBUG_INFORMATION_FORMAT = "dwarf-with-dsym";
				ENABLE_NS_ASSERTIONS = NO;
				ENABLE_STRICT_OBJC_MSGSEND = YES;
				GCC_C_LANGUAGE_STANDARD = gnu11;
				GCC_NO_COMMON_BLOCKS = YES;
				GCC_WARN_64_TO_32_BIT_CONVERSION = YES;
				GCC_WARN_ABOUT_RETURN_TYPE = YES_ERROR;
				GCC_WARN_UNDECLARED_SELECTOR = YES;
				GCC_WARN_UNINITIALIZED_AUTOS = YES_AGGRESSIVE;
				GCC_WARN_UNUSED_FUNCTION = YES;
				GCC_WARN_UNUSED_VARIABLE = YES;
				MACOSX_DEPLOYMENT_TARGET = 13.1;
				MTL_ENABLE_DEBUG_INFO = NO;
				MTL_FAST_MATH = YES;
				SDKROOT = macosx;
				SWIFT_COMPILATION_MODE = wholemodule;
				SWIFT_OPTIMIZATION_LEVEL = "-O";
			};
			name = Release;
		};
		9B24EE0929AD9E0400436E79 /* Debug */ = {
			isa = XCBuildConfiguration;
			buildSettings = {
				CODE_SIGN_STYLE = Automatic;
				DEVELOPMENT_TEAM = 5KY76F9T73;
				ENABLE_HARDENED_RUNTIME = YES;
				PRODUCT_NAME = "$(TARGET_NAME)";
				SWIFT_VERSION = 5.0;
			};
			name = Debug;
		};
		9B24EE0A29AD9E0400436E79 /* Release */ = {
			isa = XCBuildConfiguration;
			buildSettings = {
				CODE_SIGN_STYLE = Automatic;
				DEVELOPMENT_TEAM = 5KY76F9T73;
				ENABLE_HARDENED_RUNTIME = YES;
				PRODUCT_NAME = "$(TARGET_NAME)";
				SWIFT_VERSION = 5.0;
			};
			name = Release;
		};
/* End XCBuildConfiguration section */

/* Begin XCConfigurationList section */
		9B24EDFC29AD9E0400436E79 /* Build configuration list for PBXProject "0706012110006-TegarMarino-AFL1" */ = {
			isa = XCConfigurationList;
			buildConfigurations = (
				9B24EE0629AD9E0400436E79 /* Debug */,
				9B24EE0729AD9E0400436E79 /* Release */,
			);
			defaultConfigurationIsVisible = 0;
			defaultConfigurationName = Release;
		};
		9B24EE0829AD9E0400436E79 /* Build configuration list for PBXNativeTarget "0706012110006-TegarMarino-AFL1" */ = {
			isa = XCConfigurationList;
			buildConfigurations = (
				9B24EE0929AD9E0400436E79 /* Debug */,
				9B24EE0A29AD9E0400436E79 /* Release */,
			);
			defaultConfigurationIsVisible = 0;
			defaultConfigurationName = Release;
		};
/* End XCConfigurationList section */
	};
	rootObject = 9B24EDF929AD9E0400436E79 /* Project object */;
}
